// !$*UTF8*$!
{
	archiveVersion = 1;
	classes = {
	};
	objectVersion = 55;
	objects = {

/* Begin PBXBuildFile section */
		463555752890425300E95BE0 /* EverythingStudentTimeManagementApp.swift in Sources */ = {isa = PBXBuildFile; fileRef = 463555742890425300E95BE0 /* EverythingStudentTimeManagementApp.swift */; };
		463555772890425300E95BE0 /* ContentView.swift in Sources */ = {isa = PBXBuildFile; fileRef = 463555762890425300E95BE0 /* ContentView.swift */; };
		463555792890425400E95BE0 /* Assets.xcassets in Resources */ = {isa = PBXBuildFile; fileRef = 463555782890425400E95BE0 /* Assets.xcassets */; };
		4635557C2890425400E95BE0 /* Preview Assets.xcassets in Resources */ = {isa = PBXBuildFile; fileRef = 4635557B2890425400E95BE0 /* Preview Assets.xcassets */; };
		4635558A289044BC00E95BE0 /* Reminder.swift in Sources */ = {isa = PBXBuildFile; fileRef = 46355589289044BC00E95BE0 /* Reminder.swift */; };
		4635558C289044EB00E95BE0 /* ReminderView.swift in Sources */ = {isa = PBXBuildFile; fileRef = 4635558B289044EB00E95BE0 /* ReminderView.swift */; };
		4635558E2890458700E95BE0 /* HomeScreen.swift in Sources */ = {isa = PBXBuildFile; fileRef = 4635558D2890458700E95BE0 /* HomeScreen.swift */; };
		46A4E4682890ADD100A1A980 /* DateValue.swift in Sources */ = {isa = PBXBuildFile; fileRef = 46A4E4672890ADD100A1A980 /* DateValue.swift */; };
		46A4E46A2890C93100A1A980 /* DateChoice.swift in Sources */ = {isa = PBXBuildFile; fileRef = 46A4E4692890C93100A1A980 /* DateChoice.swift */; };
		46F905A428923746003629AC /* Background.swift in Sources */ = {isa = PBXBuildFile; fileRef = 46F905A328923746003629AC /* Background.swift */; };
		46F905A828934C65003629AC /* GoalSettingTab.swift in Sources */ = {isa = PBXBuildFile; fileRef = 46F905A728934C65003629AC /* GoalSettingTab.swift */; };
		46F905AA28934C75003629AC /* ProductivityTips.swift in Sources */ = {isa = PBXBuildFile; fileRef = 46F905A928934C75003629AC /* ProductivityTips.swift */; };
		46F905B82893FB83003629AC /* tips2.json in Resources */ = {isa = PBXBuildFile; fileRef = 46F905B72893FB83003629AC /* tips2.json */; };
/* End PBXBuildFile section */

/* Begin PBXFileReference section */
		463555712890425300E95BE0 /* EverythingStudentTimeManagement.app */ = {isa = PBXFileReference; explicitFileType = wrapper.application; includeInIndex = 0; path = EverythingStudentTimeManagement.app; sourceTree = BUILT_PRODUCTS_DIR; };
		463555742890425300E95BE0 /* EverythingStudentTimeManagementApp.swift */ = {isa = PBXFileReference; lastKnownFileType = sourcecode.swift; path = EverythingStudentTimeManagementApp.swift; sourceTree = "<group>"; };
		463555762890425300E95BE0 /* ContentView.swift */ = {isa = PBXFileReference; lastKnownFileType = sourcecode.swift; path = ContentView.swift; sourceTree = "<group>"; };
		463555782890425400E95BE0 /* Assets.xcassets */ = {isa = PBXFileReference; lastKnownFileType = folder.assetcatalog; path = Assets.xcassets; sourceTree = "<group>"; };
		4635557B2890425400E95BE0 /* Preview Assets.xcassets */ = {isa = PBXFileReference; lastKnownFileType = folder.assetcatalog; path = "Preview Assets.xcassets"; sourceTree = "<group>"; };
		46355589289044BC00E95BE0 /* Reminder.swift */ = {isa = PBXFileReference; lastKnownFileType = sourcecode.swift; path = Reminder.swift; sourceTree = "<group>"; };
		4635558B289044EB00E95BE0 /* ReminderView.swift */ = {isa = PBXFileReference; lastKnownFileType = sourcecode.swift; path = ReminderView.swift; sourceTree = "<group>"; };
		4635558D2890458700E95BE0 /* HomeScreen.swift */ = {isa = PBXFileReference; lastKnownFileType = sourcecode.swift; path = HomeScreen.swift; sourceTree = "<group>"; };
		46A4E4672890ADD100A1A980 /* DateValue.swift */ = {isa = PBXFileReference; lastKnownFileType = sourcecode.swift; path = DateValue.swift; sourceTree = "<group>"; };
		46A4E4692890C93100A1A980 /* DateChoice.swift */ = {isa = PBXFileReference; lastKnownFileType = sourcecode.swift; path = DateChoice.swift; sourceTree = "<group>"; };
		46F905A328923746003629AC /* Background.swift */ = {isa = PBXFileReference; lastKnownFileType = sourcecode.swift; path = Background.swift; sourceTree = "<group>"; };
		46F905A728934C65003629AC /* GoalSettingTab.swift */ = {isa = PBXFileReference; lastKnownFileType = sourcecode.swift; path = GoalSettingTab.swift; sourceTree = "<group>"; };
		46F905A928934C75003629AC /* ProductivityTips.swift */ = {isa = PBXFileReference; lastKnownFileType = sourcecode.swift; path = ProductivityTips.swift; sourceTree = "<group>"; };
		46F905B72893FB83003629AC /* tips2.json */ = {isa = PBXFileReference; fileEncoding = 4; lastKnownFileType = text.json; path = tips2.json; sourceTree = "<group>"; };
/* End PBXFileReference section */

/* Begin PBXFrameworksBuildPhase section */
		4635556E2890425300E95BE0 /* Frameworks */ = {
			isa = PBXFrameworksBuildPhase;
			buildActionMask = 2147483647;
			files = (
			);
			runOnlyForDeploymentPostprocessing = 0;
		};
/* End PBXFrameworksBuildPhase section */

/* Begin PBXGroup section */
		463555682890425300E95BE0 = {
			isa = PBXGroup;
			children = (
				463555732890425300E95BE0 /* EverythingStudentTimeManagement */,
				463555722890425300E95BE0 /* Products */,
			);
			sourceTree = "<group>";
		};
		463555722890425300E95BE0 /* Products */ = {
			isa = PBXGroup;
			children = (
				463555712890425300E95BE0 /* EverythingStudentTimeManagement.app */,
			);
			name = Products;
			sourceTree = "<group>";
		};
		463555732890425300E95BE0 /* EverythingStudentTimeManagement */ = {
			isa = PBXGroup;
			children = (
				463555862890440200E95BE0 /* ViewModel */,
				463555832890427D00E95BE0 /* Model */,
				463555822890426900E95BE0 /* View */,
				463555742890425300E95BE0 /* EverythingStudentTimeManagementApp.swift */,
				463555762890425300E95BE0 /* ContentView.swift */,
				463555782890425400E95BE0 /* Assets.xcassets */,
				4635557A2890425400E95BE0 /* Preview Content */,
			);
			path = EverythingStudentTimeManagement;
			sourceTree = "<group>";
		};
		4635557A2890425400E95BE0 /* Preview Content */ = {
			isa = PBXGroup;
			children = (
				4635557B2890425400E95BE0 /* Preview Assets.xcassets */,
			);
			path = "Preview Content";
			sourceTree = "<group>";
		};
		463555822890426900E95BE0 /* View */ = {
			isa = PBXGroup;
			children = (
				4635558D2890458700E95BE0 /* HomeScreen.swift */,
				46F905A328923746003629AC /* Background.swift */,
				46A4E4692890C93100A1A980 /* DateChoice.swift */,
				46F905A728934C65003629AC /* GoalSettingTab.swift */,
				46F905A928934C75003629AC /* ProductivityTips.swift */,
				46F905B72893FB83003629AC /* tips2.json */,
			);
			path = View;
			sourceTree = "<group>";
		};
		463555832890427D00E95BE0 /* Model */ = {
			isa = PBXGroup;
			children = (
				46355589289044BC00E95BE0 /* Reminder.swift */,
				46A4E4672890ADD100A1A980 /* DateValue.swift */,
			);
			path = Model;
			sourceTree = "<group>";
		};
		463555862890440200E95BE0 /* ViewModel */ = {
			isa = PBXGroup;
			children = (
				4635558B289044EB00E95BE0 /* ReminderView.swift */,
			);
			path = ViewModel;
			sourceTree = "<group>";
		};
/* End PBXGroup section */

/* Begin PBXNativeTarget section */
		463555702890425300E95BE0 /* EverythingStudentTimeManagement */ = {
			isa = PBXNativeTarget;
			buildConfigurationList = 4635557F2890425400E95BE0 /* Build configuration list for PBXNativeTarget "EverythingStudentTimeManagement" */;
			buildPhases = (
				4635556D2890425300E95BE0 /* Sources */,
				4635556E2890425300E95BE0 /* Frameworks */,
				4635556F2890425300E95BE0 /* Resources */,
			);
			buildRules = (
			);
			dependencies = (
			);
			name = EverythingStudentTimeManagement;
			productName = EverythingStudentTimeManagement;
			productReference = 463555712890425300E95BE0 /* EverythingStudentTimeManagement.app */;
			productType = "com.apple.product-type.application";
		};
/* End PBXNativeTarget section */

/* Begin PBXProject section */
		463555692890425300E95BE0 /* Project object */ = {
			isa = PBXProject;
			attributes = {
				BuildIndependentTargetsInParallel = 1;
				LastSwiftUpdateCheck = 1340;
				LastUpgradeCheck = 1340;
				TargetAttributes = {
					463555702890425300E95BE0 = {
						CreatedOnToolsVersion = 13.4.1;
					};
				};
			};
			buildConfigurationList = 4635556C2890425300E95BE0 /* Build configuration list for PBXProject "EverythingStudentTimeManagement" */;
			compatibilityVersion = "Xcode 13.0";
			developmentRegion = en;
			hasScannedForEncodings = 0;
			knownRegions = (
				en,
				Base,
			);
			mainGroup = 463555682890425300E95BE0;
			productRefGroup = 463555722890425300E95BE0 /* Products */;
			projectDirPath = "";
			projectRoot = "";
			targets = (
				463555702890425300E95BE0 /* EverythingStudentTimeManagement */,
			);
		};
/* End PBXProject section */

/* Begin PBXResourcesBuildPhase section */
		4635556F2890425300E95BE0 /* Resources */ = {
			isa = PBXResourcesBuildPhase;
			buildActionMask = 2147483647;
			files = (
				46F905B82893FB83003629AC /* tips2.json in Resources */,
				4635557C2890425400E95BE0 /* Preview Assets.xcassets in Resources */,
				463555792890425400E95BE0 /* Assets.xcassets in Resources */,
			);
			runOnlyForDeploymentPostprocessing = 0;
		};
/* End PBXResourcesBuildPhase section */

/* Begin PBXSourcesBuildPhase section */
		4635556D2890425300E95BE0 /* Sources */ = {
			isa = PBXSourcesBuildPhase;
			buildActionMask = 2147483647;
			files = (
				463555772890425300E95BE0 /* ContentView.swift in Sources */,
				4635558E2890458700E95BE0 /* HomeScreen.swift in Sources */,
				4635558C289044EB00E95BE0 /* ReminderView.swift in Sources */,
				46F905A428923746003629AC /* Background.swift in Sources */,
				46F905A828934C65003629AC /* GoalSettingTab.swift in Sources */,
				46A4E4682890ADD100A1A980 /* DateValue.swift in Sources */,
				463555752890425300E95BE0 /* EverythingStudentTimeManagementApp.swift in Sources */,
				4635558A289044BC00E95BE0 /* Reminder.swift in Sources */,
				46A4E46A2890C93100A1A980 /* DateChoice.swift in Sources */,
				46F905AA28934C75003629AC /* ProductivityTips.swift in Sources */,
			);
			runOnlyForDeploymentPostprocessing = 0;
		};
/* End PBXSourcesBuildPhase section */

/* Begin XCBuildConfiguration section */
		4635557D2890425400E95BE0 /* Debug */ = {
			isa = XCBuildConfiguration;
			buildSettings = {
				ALWAYS_SEARCH_USER_PATHS = NO;
				CLANG_ANALYZER_NONNULL = YES;
				CLANG_ANALYZER_NUMBER_OBJECT_CONVERSION = YES_AGGRESSIVE;
				CLANG_CXX_LANGUAGE_STANDARD = "gnu++17";
				CLANG_ENABLE_MODULES = YES;
				CLANG_ENABLE_OBJC_ARC = YES;
				CLANG_ENABLE_OBJC_WEAK = YES;
				CLANG_WARN_BLOCK_CAPTURE_AUTORELEASING = YES;
				CLANG_WARN_BOOL_CONVERSION = YES;
				CLANG_WARN_COMMA = YES;
				CLANG_WARN_CONSTANT_CONVERSION = YES;
				CLANG_WARN_DEPRECATED_OBJC_IMPLEMENTATIONS = YES;
				CLANG_WARN_DIRECT_OBJC_ISA_USAGE = YES_ERROR;
				CLANG_WARN_DOCUMENTATION_COMMENTS = YES;
				CLANG_WARN_EMPTY_BODY = YES;
				CLANG_WARN_ENUM_CONVERSION = YES;
				CLANG_WARN_INFINITE_RECURSION = YES;
				CLANG_WARN_INT_CONVERSION = YES;
				CLANG_WARN_NON_LITERAL_NULL_CONVERSION = YES;
				CLANG_WARN_OBJC_IMPLICIT_RETAIN_SELF = YES;
				CLANG_WARN_OBJC_LITERAL_CONVERSION = YES;
				CLANG_WARN_OBJC_ROOT_CLASS = YES_ERROR;
				CLANG_WARN_QUOTED_INCLUDE_IN_FRAMEWORK_HEADER = YES;
				CLANG_WARN_RANGE_LOOP_ANALYSIS = YES;
				CLANG_WARN_STRICT_PROTOTYPES = YES;
				CLANG_WARN_SUSPICIOUS_MOVE = YES;
				CLANG_WARN_UNGUARDED_AVAILABILITY = YES_AGGRESSIVE;
				CLANG_WARN_UNREACHABLE_CODE = YES;
				CLANG_WARN__DUPLICATE_METHOD_MATCH = YES;
				COPY_PHASE_STRIP = NO;
				DEBUG_INFORMATION_FORMAT = dwarf;
				ENABLE_STRICT_OBJC_MSGSEND = YES;
				ENABLE_TESTABILITY = YES;
				GCC_C_LANGUAGE_STANDARD = gnu11;
				GCC_DYNAMIC_NO_PIC = NO;
				GCC_NO_COMMON_BLOCKS = YES;
				GCC_OPTIMIZATION_LEVEL = 0;
				GCC_PREPROCESSOR_DEFINITIONS = (
					"DEBUG=1",
					"$(inherited)",
				);
				GCC_WARN_64_TO_32_BIT_CONVERSION = YES;
				GCC_WARN_ABOUT_RETURN_TYPE = YES_ERROR;
				GCC_WARN_UNDECLARED_SELECTOR = YES;
				GCC_WARN_UNINITIALIZED_AUTOS = YES_AGGRESSIVE;
				GCC_WARN_UNUSED_FUNCTION = YES;
				GCC_WARN_UNUSED_VARIABLE = YES;
				IPHONEOS_DEPLOYMENT_TARGET = 15.5;
				MTL_ENABLE_DEBUG_INFO = INCLUDE_SOURCE;
				MTL_FAST_MATH = YES;
				ONLY_ACTIVE_ARCH = YES;
				SDKROOT = iphoneos;
				SWIFT_ACTIVE_COMPILATION_CONDITIONS = DEBUG;
				SWIFT_OPTIMIZATION_LEVEL = "-Onone";
			};
			name = Debug;
		};
		4635557E2890425400E95BE0 /* Release */ = {
			isa = XCBuildConfiguration;
			buildSettings = {
				ALWAYS_SEARCH_USER_PATHS = NO;
				CLANG_ANALYZER_NONNULL = YES;
				CLANG_ANALYZER_NUMBER_OBJECT_CONVERSION = YES_AGGRESSIVE;
				CLANG_CXX_LANGUAGE_STANDARD = "gnu++17";
				CLANG_ENABLE_MODULES = YES;
				CLANG_ENABLE_OBJC_ARC = YES;
				CLANG_ENABLE_OBJC_WEAK = YES;
				CLANG_WARN_BLOCK_CAPTURE_AUTORELEASING = YES;
				CLANG_WARN_BOOL_CONVERSION = YES;
				CLANG_WARN_COMMA = YES;
				CLANG_WARN_CONSTANT_CONVERSION = YES;
				CLANG_WARN_DEPRECATED_OBJC_IMPLEMENTATIONS = YES;
				CLANG_WARN_DIRECT_OBJC_ISA_USAGE = YES_ERROR;
				CLANG_WARN_DOCUMENTATION_COMMENTS = YES;
				CLANG_WARN_EMPTY_BODY = YES;
				CLANG_WARN_ENUM_CONVERSION = YES;
				CLANG_WARN_INFINITE_RECURSION = YES;
				CLANG_WARN_INT_CONVERSION = YES;
				CLANG_WARN_NON_LITERAL_NULL_CONVERSION = YES;
				CLANG_WARN_OBJC_IMPLICIT_RETAIN_SELF = YES;
				CLANG_WARN_OBJC_LITERAL_CONVERSION = YES;
				CLANG_WARN_OBJC_ROOT_CLASS = YES_ERROR;
				CLANG_WARN_QUOTED_INCLUDE_IN_FRAMEWORK_HEADER = YES;
				CLANG_WARN_RANGE_LOOP_ANALYSIS = YES;
				CLANG_WARN_STRICT_PROTOTYPES = YES;
				CLANG_WARN_SUSPICIOUS_MOVE = YES;
				CLANG_WARN_UNGUARDED_AVAILABILITY = YES_AGGRESSIVE;
				CLANG_WARN_UNREACHABLE_CODE = YES;
				CLANG_WARN__DUPLICATE_METHOD_MATCH = YES;
				COPY_PHASE_STRIP = NO;
				DEBUG_INFORMATION_FORMAT = "dwarf-with-dsym";
				ENABLE_NS_ASSERTIONS = NO;
				ENABLE_STRICT_OBJC_MSGSEND = YES;
				GCC_C_LANGUAGE_STANDARD = gnu11;
				GCC_NO_COMMON_BLOCKS = YES;
				GCC_WARN_64_TO_32_BIT_CONVERSION = YES;
				GCC_WARN_ABOUT_RETURN_TYPE = YES_ERROR;
				GCC_WARN_UNDECLARED_SELECTOR = YES;
				GCC_WARN_UNINITIALIZED_AUTOS = YES_AGGRESSIVE;
				GCC_WARN_UNUSED_FUNCTION = YES;
				GCC_WARN_UNUSED_VARIABLE = YES;
				IPHONEOS_DEPLOYMENT_TARGET = 15.5;
				MTL_ENABLE_DEBUG_INFO = NO;
				MTL_FAST_MATH = YES;
				SDKROOT = iphoneos;
				SWIFT_COMPILATION_MODE = wholemodule;
				SWIFT_OPTIMIZATION_LEVEL = "-O";
				VALIDATE_PRODUCT = YES;
			};
			name = Release;
		};
		463555802890425400E95BE0 /* Debug */ = {
			isa = XCBuildConfiguration;
			buildSettings = {
				ASSETCATALOG_COMPILER_APPICON_NAME = AppIcon;
				ASSETCATALOG_COMPILER_GLOBAL_ACCENT_COLOR_NAME = AccentColor;
				CODE_SIGN_STYLE = Automatic;
				CURRENT_PROJECT_VERSION = 1;
				DEVELOPMENT_ASSET_PATHS = "\"EverythingStudentTimeManagement/Preview Content\"";
				DEVELOPMENT_TEAM = 82LDAMKJ86;
				ENABLE_PREVIEWS = YES;
				GENERATE_INFOPLIST_FILE = YES;
				INFOPLIST_KEY_UIApplicationSceneManifest_Generation = YES;
				INFOPLIST_KEY_UIApplicationSupportsIndirectInputEvents = YES;
				INFOPLIST_KEY_UILaunchScreen_Generation = YES;
				INFOPLIST_KEY_UISupportedInterfaceOrientations_iPad = "UIInterfaceOrientationPortrait UIInterfaceOrientationPortraitUpsideDown UIInterfaceOrientationLandscapeLeft UIInterfaceOrientationLandscapeRight";
				INFOPLIST_KEY_UISupportedInterfaceOrientations_iPhone = "UIInterfaceOrientationPortrait UIInterfaceOrientationLandscapeLeft UIInterfaceOrientationLandscapeRight";
				LD_RUNPATH_SEARCH_PATHS = (
					"$(inherited)",
					"@executable_path/Frameworks",
				);
				MARKETING_VERSION = 1.0;
				PRODUCT_BUNDLE_IDENTIFIER = co.testing1.EverythingStudentTimeManagement;
				PRODUCT_NAME = "$(TARGET_NAME)";
				SWIFT_EMIT_LOC_STRINGS = YES;
				SWIFT_VERSION = 5.0;
				TARGETED_DEVICE_FAMILY = "1,2";
			};
			name = Debug;
		};
		463555812890425400E95BE0 /* Release */ = {
			isa = XCBuildConfiguration;
			buildSettings = {
				ASSETCATALOG_COMPILER_APPICON_NAME = AppIcon;
				ASSETCATALOG_COMPILER_GLOBAL_ACCENT_COLOR_NAME = AccentColor;
				CODE_SIGN_STYLE = Automatic;
				CURRENT_PROJECT_VERSION = 1;
				DEVELOPMENT_ASSET_PATHS = "\"EverythingStudentTimeManagement/Preview Content\"";
				DEVELOPMENT_TEAM = 82LDAMKJ86;
				ENABLE_PREVIEWS = YES;
				GENERATE_INFOPLIST_FILE = YES;
				INFOPLIST_KEY_UIApplicationSceneManifest_Generation = YES;
				INFOPLIST_KEY_UIApplicationSupportsIndirectInputEvents = YES;
				INFOPLIST_KEY_UILaunchScreen_Generation = YES;
				INFOPLIST_KEY_UISupportedInterfaceOrientations_iPad = "UIInterfaceOrientationPortrait UIInterfaceOrientationPortraitUpsideDown UIInterfaceOrientationLandscapeLeft UIInterfaceOrientationLandscapeRight";
				INFOPLIST_KEY_UISupportedInterfaceOrientations_iPhone = "UIInterfaceOrientationPortrait UIInterfaceOrientationLandscapeLeft UIInterfaceOrientationLandscapeRight";
				LD_RUNPATH_SEARCH_PATHS = (
					"$(inherited)",
					"@executable_path/Frameworks",
				);
				MARKETING_VERSION = 1.0;
				PRODUCT_BUNDLE_IDENTIFIER = co.testing1.EverythingStudentTimeManagement;
				PRODUCT_NAME = "$(TARGET_NAME)";
				SWIFT_EMIT_LOC_STRINGS = YES;
				SWIFT_VERSION = 5.0;
				TARGETED_DEVICE_FAMILY = "1,2";
			};
			name = Release;
		};
/* End XCBuildConfiguration section */

/* Begin XCConfigurationList section */
		4635556C2890425300E95BE0 /* Build configuration list for PBXProject "EverythingStudentTimeManagement" */ = {
			isa = XCConfigurationList;
			buildConfigurations = (
				4635557D2890425400E95BE0 /* Debug */,
				4635557E2890425400E95BE0 /* Release */,
			);
			defaultConfigurationIsVisible = 0;
			defaultConfigurationName = Release;
		};
		4635557F2890425400E95BE0 /* Build configuration list for PBXNativeTarget "EverythingStudentTimeManagement" */ = {
			isa = XCConfigurationList;
			buildConfigurations = (
				463555802890425400E95BE0 /* Debug */,
				463555812890425400E95BE0 /* Release */,
			);
			defaultConfigurationIsVisible = 0;
			defaultConfigurationName = Release;
		};
/* End XCConfigurationList section */
	};
	rootObject = 463555692890425300E95BE0 /* Project object */;
}
